
Microsoft Visual Studio Solution File, Format Version 12.00
# Visual Studio Version 16
VisualStudioVersion = 16.0.32106.194
MinimumVisualStudioVersion = 10.0.40219.1
Project("{FAE04EC0-301F-11D3-BF4B-00C04F79EFBC}") = "SeaBattle", "SeaBattle\SeaBattle.csproj", "{E147A850-027F-48F2-BA64-A809000471CB}"
EndProject
Global
	GlobalSection(SolutionConfigurationPlatforms) = preSolution
		Debug|Any CPU = Debug|Any CPU
		Release|Any CPU = Release|Any CPU
	EndGlobalSection
	GlobalSection(ProjectConfigurationPlatforms) = postSolution
		{E147A850-027F-48F2-BA64-A809000471CB}.Debug|Any CPU.ActiveCfg = Debug|Any CPU
		{E147A850-027F-48F2-BA64-A809000471CB}.Debug|Any CPU.Build.0 = Debug|Any CPU
		{E147A850-027F-48F2-BA64-A809000471CB}.Release|Any CPU.ActiveCfg = Release|Any CPU
		{E147A850-027F-48F2-BA64-A809000471CB}.Release|Any CPU.Build.0 = Release|Any CPU
	EndGlobalSection
	GlobalSection(SolutionProperties) = preSolution
		HideSolutionNode = FALSE
	EndGlobalSection
	GlobalSection(ExtensibilityGlobals) = postSolution
		SolutionGuid = {D84B1D9C-2DDD-419B-B46B-65D06E1A49E2}
	EndGlobalSection
EndGlobal
